
Microsoft Visual Studio Solution File, Format Version 12.00
# Visual Studio Version 17
VisualStudioVersion = 17.7.34009.444
MinimumVisualStudioVersion = 10.0.40219.1
Project("{FAE04EC0-301F-11D3-BF4B-00C04F79EFBC}") = "NumberGuessingGame", "NumberGuessingGame.csproj", "{67A169CA-842A-41B9-B747-302826553350}"
EndProject
Global
	GlobalSection(SolutionConfigurationPlatforms) = preSolution
		Debug|Any CPU = Debug|Any CPU
		Release|Any CPU = Release|Any CPU
	EndGlobalSection
	GlobalSection(ProjectConfigurationPlatforms) = postSolution
		{67A169CA-842A-41B9-B747-302826553350}.Debug|Any CPU.ActiveCfg = Debug|Any CPU
		{67A169CA-842A-41B9-B747-302826553350}.Debug|Any CPU.Build.0 = Debug|Any CPU
		{67A169CA-842A-41B9-B747-302826553350}.Release|Any CPU.ActiveCfg = Release|Any CPU
		{67A169CA-842A-41B9-B747-302826553350}.Release|Any CPU.Build.0 = Release|Any CPU
	EndGlobalSection
	GlobalSection(SolutionProperties) = preSolution
		HideSolutionNode = FALSE
	EndGlobalSection
	GlobalSection(ExtensibilityGlobals) = postSolution
		SolutionGuid = {463662F4-1E93-4A07-8A95-BDBB17E53596}
	EndGlobalSection
EndGlobal
